// !$*UTF8*$!
{
	archiveVersion = 1;
	classes = {
	};
	objectVersion = 77;
	objects = {

/* Begin PBXFileReference section */
		4AD278D42D1263BD004E355A /* 2109. Adding Spaces to a String.playground */ = {isa = PBXFileReference; lastKnownFileType = file.playground; path = "2109. Adding Spaces to a String.playground"; sourceTree = "<group>"; xcLanguageSpecificationIdentifier = xcode.lang.swift; };
		4AD278D52D126744004E355A /* 242. Valid Anagram.playground */ = {isa = PBXFileReference; lastKnownFileType = file.playground; path = "242. Valid Anagram.playground"; sourceTree = "<group>"; xcLanguageSpecificationIdentifier = xcode.lang.swift; };
/* End PBXFileReference section */

/* Begin PBXGroup section */
		4AD278CD2D12639F004E355A = {
			isa = PBXGroup;
			children = (
				4AD278D52D126744004E355A /* 242. Valid Anagram.playground */,
				4AD278D42D1263BD004E355A /* 2109. Adding Spaces to a String.playground */,
			);
			sourceTree = "<group>";
		};
/* End PBXGroup section */

/* Begin PBXProject section */
		4AD278CE2D12639F004E355A /* Project object */ = {
			isa = PBXProject;
			attributes = {
				BuildIndependentTargetsInParallel = 1;
				LastUpgradeCheck = 1620;
			};
			buildConfigurationList = 4AD278D12D12639F004E355A /* Build configuration list for PBXProject "Leetcode-Solutions-Swift" */;
			developmentRegion = en;
			hasScannedForEncodings = 0;
			knownRegions = (
				en,
				Base,
			);
			mainGroup = 4AD278CD2D12639F004E355A;
			minimizedProjectReferenceProxies = 1;
			preferredProjectObjectVersion = 77;
			projectDirPath = "";
			projectRoot = "";
			targets = (
			);
		};
/* End PBXProject section */

/* Begin XCBuildConfiguration section */
		4AD278D22D12639F004E355A /* Debug */ = {
			isa = XCBuildConfiguration;
			buildSettings = {
			};
			name = Debug;
		};
		4AD278D32D12639F004E355A /* Release */ = {
			isa = XCBuildConfiguration;
			buildSettings = {
			};
			name = Release;
		};
/* End XCBuildConfiguration section */

/* Begin XCConfigurationList section */
		4AD278D12D12639F004E355A /* Build configuration list for PBXProject "Leetcode-Solutions-Swift" */ = {
			isa = XCConfigurationList;
			buildConfigurations = (
				4AD278D22D12639F004E355A /* Debug */,
				4AD278D32D12639F004E355A /* Release */,
			);
			defaultConfigurationIsVisible = 0;
			defaultConfigurationName = Release;
		};
/* End XCConfigurationList section */
	};
	rootObject = 4AD278CE2D12639F004E355A /* Project object */;
}
